// !$*UTF8*$!
{
	archiveVersion = 1;
	classes = {
	};
	objectVersion = 56;
	objects = {

/* Begin PBXBuildFile section */
		032A61682A121C9B00BEF1CB /* AppDelegate.swift in Sources */ = {isa = PBXBuildFile; fileRef = 032A61672A121C9B00BEF1CB /* AppDelegate.swift */; };
		032A616A2A121C9B00BEF1CB /* SceneDelegate.swift in Sources */ = {isa = PBXBuildFile; fileRef = 032A61692A121C9B00BEF1CB /* SceneDelegate.swift */; };
		032A616C2A121C9B00BEF1CB /* ViewController.swift in Sources */ = {isa = PBXBuildFile; fileRef = 032A616B2A121C9B00BEF1CB /* ViewController.swift */; };
		032A616F2A121C9B00BEF1CB /* Main.storyboard in Resources */ = {isa = PBXBuildFile; fileRef = 032A616D2A121C9B00BEF1CB /* Main.storyboard */; };
		032A61712A121C9E00BEF1CB /* Assets.xcassets in Resources */ = {isa = PBXBuildFile; fileRef = 032A61702A121C9E00BEF1CB /* Assets.xcassets */; };
		032A61742A121C9E00BEF1CB /* LaunchScreen.storyboard in Resources */ = {isa = PBXBuildFile; fileRef = 032A61722A121C9E00BEF1CB /* LaunchScreen.storyboard */; };
		032A61802A121F1200BEF1CB /* User.swift in Sources */ = {isa = PBXBuildFile; fileRef = 032A617F2A121F1200BEF1CB /* User.swift */; };
		032A61822A12211900BEF1CB /* ViewModel.swift in Sources */ = {isa = PBXBuildFile; fileRef = 032A61812A12211900BEF1CB /* ViewModel.swift */; };
		032A61852A12219B00BEF1CB /* Dynamic.swift in Sources */ = {isa = PBXBuildFile; fileRef = 032A61842A12219B00BEF1CB /* Dynamic.swift */; };
/* End PBXBuildFile section */

/* Begin PBXFileReference section */
		032A61642A121C9B00BEF1CB /* MVVMSimple.app */ = {isa = PBXFileReference; explicitFileType = wrapper.application; includeInIndex = 0; path = MVVMSimple.app; sourceTree = BUILT_PRODUCTS_DIR; };
		032A61672A121C9B00BEF1CB /* AppDelegate.swift */ = {isa = PBXFileReference; lastKnownFileType = sourcecode.swift; path = AppDelegate.swift; sourceTree = "<group>"; };
		032A61692A121C9B00BEF1CB /* SceneDelegate.swift */ = {isa = PBXFileReference; lastKnownFileType = sourcecode.swift; path = SceneDelegate.swift; sourceTree = "<group>"; };
		032A616B2A121C9B00BEF1CB /* ViewController.swift */ = {isa = PBXFileReference; lastKnownFileType = sourcecode.swift; path = ViewController.swift; sourceTree = "<group>"; };
		032A616E2A121C9B00BEF1CB /* Base */ = {isa = PBXFileReference; lastKnownFileType = file.storyboard; name = Base; path = Base.lproj/Main.storyboard; sourceTree = "<group>"; };
		032A61702A121C9E00BEF1CB /* Assets.xcassets */ = {isa = PBXFileReference; lastKnownFileType = folder.assetcatalog; path = Assets.xcassets; sourceTree = "<group>"; };
		032A61732A121C9E00BEF1CB /* Base */ = {isa = PBXFileReference; lastKnownFileType = file.storyboard; name = Base; path = Base.lproj/LaunchScreen.storyboard; sourceTree = "<group>"; };
		032A61752A121C9E00BEF1CB /* Info.plist */ = {isa = PBXFileReference; lastKnownFileType = text.plist.xml; path = Info.plist; sourceTree = "<group>"; };
		032A617F2A121F1200BEF1CB /* User.swift */ = {isa = PBXFileReference; lastKnownFileType = sourcecode.swift; path = User.swift; sourceTree = "<group>"; };
		032A61812A12211900BEF1CB /* ViewModel.swift */ = {isa = PBXFileReference; lastKnownFileType = sourcecode.swift; path = ViewModel.swift; sourceTree = "<group>"; };
		032A61842A12219B00BEF1CB /* Dynamic.swift */ = {isa = PBXFileReference; lastKnownFileType = sourcecode.swift; path = Dynamic.swift; sourceTree = "<group>"; };
/* End PBXFileReference section */

/* Begin PBXFrameworksBuildPhase section */
		032A61612A121C9A00BEF1CB /* Frameworks */ = {
			isa = PBXFrameworksBuildPhase;
			buildActionMask = 2147483647;
			files = (
			);
			runOnlyForDeploymentPostprocessing = 0;
		};
/* End PBXFrameworksBuildPhase section */

/* Begin PBXGroup section */
		032A615B2A121C9A00BEF1CB = {
			isa = PBXGroup;
			children = (
				032A61662A121C9B00BEF1CB /* MVVMSimple */,
				032A61652A121C9B00BEF1CB /* Products */,
			);
			sourceTree = "<group>";
		};
		032A61652A121C9B00BEF1CB /* Products */ = {
			isa = PBXGroup;
			children = (
				032A61642A121C9B00BEF1CB /* MVVMSimple.app */,
			);
			name = Products;
			sourceTree = "<group>";
		};
		032A61662A121C9B00BEF1CB /* MVVMSimple */ = {
			isa = PBXGroup;
			children = (
				032A617B2A121CE500BEF1CB /* Models */,
				032A617D2A121CFA00BEF1CB /* ViewModels */,
				032A617C2A121CEF00BEF1CB /* Views */,
				032A61672A121C9B00BEF1CB /* AppDelegate.swift */,
				032A61692A121C9B00BEF1CB /* SceneDelegate.swift */,
				032A61702A121C9E00BEF1CB /* Assets.xcassets */,
				032A61752A121C9E00BEF1CB /* Info.plist */,
			);
			path = MVVMSimple;
			sourceTree = "<group>";
		};
		032A617B2A121CE500BEF1CB /* Models */ = {
			isa = PBXGroup;
			children = (
				032A617F2A121F1200BEF1CB /* User.swift */,
			);
			path = Models;
			sourceTree = "<group>";
		};
		032A617C2A121CEF00BEF1CB /* Views */ = {
			isa = PBXGroup;
			children = (
				032A616B2A121C9B00BEF1CB /* ViewController.swift */,
				032A617E2A121D0800BEF1CB /* Storyboards */,
			);
			path = Views;
			sourceTree = "<group>";
		};
		032A617D2A121CFA00BEF1CB /* ViewModels */ = {
			isa = PBXGroup;
			children = (
				032A61832A12218A00BEF1CB /* Bindings */,
				032A61812A12211900BEF1CB /* ViewModel.swift */,
			);
			path = ViewModels;
			sourceTree = "<group>";
		};
		032A617E2A121D0800BEF1CB /* Storyboards */ = {
			isa = PBXGroup;
			children = (
				032A61722A121C9E00BEF1CB /* LaunchScreen.storyboard */,
				032A616D2A121C9B00BEF1CB /* Main.storyboard */,
			);
			path = Storyboards;
			sourceTree = "<group>";
		};
		032A61832A12218A00BEF1CB /* Bindings */ = {
			isa = PBXGroup;
			children = (
				032A61842A12219B00BEF1CB /* Dynamic.swift */,
			);
			path = Bindings;
			sourceTree = "<group>";
		};
/* End PBXGroup section */

/* Begin PBXNativeTarget section */
		032A61632A121C9A00BEF1CB /* MVVMSimple */ = {
			isa = PBXNativeTarget;
			buildConfigurationList = 032A61782A121C9E00BEF1CB /* Build configuration list for PBXNativeTarget "MVVMSimple" */;
			buildPhases = (
				032A61602A121C9A00BEF1CB /* Sources */,
				032A61612A121C9A00BEF1CB /* Frameworks */,
				032A61622A121C9A00BEF1CB /* Resources */,
			);
			buildRules = (
			);
			dependencies = (
			);
			name = MVVMSimple;
			productName = MVVMSimple;
			productReference = 032A61642A121C9B00BEF1CB /* MVVMSimple.app */;
			productType = "com.apple.product-type.application";
		};
/* End PBXNativeTarget section */

/* Begin PBXProject section */
		032A615C2A121C9A00BEF1CB /* Project object */ = {
			isa = PBXProject;
			attributes = {
				BuildIndependentTargetsInParallel = 1;
				LastSwiftUpdateCheck = 1430;
				LastUpgradeCheck = 1430;
				TargetAttributes = {
					032A61632A121C9A00BEF1CB = {
						CreatedOnToolsVersion = 14.3;
					};
				};
			};
			buildConfigurationList = 032A615F2A121C9A00BEF1CB /* Build configuration list for PBXProject "MVVMSimple" */;
			compatibilityVersion = "Xcode 14.0";
			developmentRegion = en;
			hasScannedForEncodings = 0;
			knownRegions = (
				en,
				Base,
			);
			mainGroup = 032A615B2A121C9A00BEF1CB;
			productRefGroup = 032A61652A121C9B00BEF1CB /* Products */;
			projectDirPath = "";
			projectRoot = "";
			targets = (
				032A61632A121C9A00BEF1CB /* MVVMSimple */,
			);
		};
/* End PBXProject section */

/* Begin PBXResourcesBuildPhase section */
		032A61622A121C9A00BEF1CB /* Resources */ = {
			isa = PBXResourcesBuildPhase;
			buildActionMask = 2147483647;
			files = (
				032A61742A121C9E00BEF1CB /* LaunchScreen.storyboard in Resources */,
				032A61712A121C9E00BEF1CB /* Assets.xcassets in Resources */,
				032A616F2A121C9B00BEF1CB /* Main.storyboard in Resources */,
			);
			runOnlyForDeploymentPostprocessing = 0;
		};
/* End PBXResourcesBuildPhase section */

/* Begin PBXSourcesBuildPhase section */
		032A61602A121C9A00BEF1CB /* Sources */ = {
			isa = PBXSourcesBuildPhase;
			buildActionMask = 2147483647;
			files = (
				032A61822A12211900BEF1CB /* ViewModel.swift in Sources */,
				032A61802A121F1200BEF1CB /* User.swift in Sources */,
				032A616C2A121C9B00BEF1CB /* ViewController.swift in Sources */,
				032A61852A12219B00BEF1CB /* Dynamic.swift in Sources */,
				032A61682A121C9B00BEF1CB /* AppDelegate.swift in Sources */,
				032A616A2A121C9B00BEF1CB /* SceneDelegate.swift in Sources */,
			);
			runOnlyForDeploymentPostprocessing = 0;
		};
/* End PBXSourcesBuildPhase section */

/* Begin PBXVariantGroup section */
		032A616D2A121C9B00BEF1CB /* Main.storyboard */ = {
			isa = PBXVariantGroup;
			children = (
				032A616E2A121C9B00BEF1CB /* Base */,
			);
			name = Main.storyboard;
			sourceTree = "<group>";
		};
		032A61722A121C9E00BEF1CB /* LaunchScreen.storyboard */ = {
			isa = PBXVariantGroup;
			children = (
				032A61732A121C9E00BEF1CB /* Base */,
			);
			name = LaunchScreen.storyboard;
			sourceTree = "<group>";
		};
/* End PBXVariantGroup section */

/* Begin XCBuildConfiguration section */
		032A61762A121C9E00BEF1CB /* Debug */ = {
			isa = XCBuildConfiguration;
			buildSettings = {
				ALWAYS_SEARCH_USER_PATHS = NO;
				CLANG_ANALYZER_NONNULL = YES;
				CLANG_ANALYZER_NUMBER_OBJECT_CONVERSION = YES_AGGRESSIVE;
				CLANG_CXX_LANGUAGE_STANDARD = "gnu++20";
				CLANG_ENABLE_MODULES = YES;
				CLANG_ENABLE_OBJC_ARC = YES;
				CLANG_ENABLE_OBJC_WEAK = YES;
				CLANG_WARN_BLOCK_CAPTURE_AUTORELEASING = YES;
				CLANG_WARN_BOOL_CONVERSION = YES;
				CLANG_WARN_COMMA = YES;
				CLANG_WARN_CONSTANT_CONVERSION = YES;
				CLANG_WARN_DEPRECATED_OBJC_IMPLEMENTATIONS = YES;
				CLANG_WARN_DIRECT_OBJC_ISA_USAGE = YES_ERROR;
				CLANG_WARN_DOCUMENTATION_COMMENTS = YES;
				CLANG_WARN_EMPTY_BODY = YES;
				CLANG_WARN_ENUM_CONVERSION = YES;
				CLANG_WARN_INFINITE_RECURSION = YES;
				CLANG_WARN_INT_CONVERSION = YES;
				CLANG_WARN_NON_LITERAL_NULL_CONVERSION = YES;
				CLANG_WARN_OBJC_IMPLICIT_RETAIN_SELF = YES;
				CLANG_WARN_OBJC_LITERAL_CONVERSION = YES;
				CLANG_WARN_OBJC_ROOT_CLASS = YES_ERROR;
				CLANG_WARN_QUOTED_INCLUDE_IN_FRAMEWORK_HEADER = YES;
				CLANG_WARN_RANGE_LOOP_ANALYSIS = YES;
				CLANG_WARN_STRICT_PROTOTYPES = YES;
				CLANG_WARN_SUSPICIOUS_MOVE = YES;
				CLANG_WARN_UNGUARDED_AVAILABILITY = YES_AGGRESSIVE;
				CLANG_WARN_UNREACHABLE_CODE = YES;
				CLANG_WARN__DUPLICATE_METHOD_MATCH = YES;
				COPY_PHASE_STRIP = NO;
				DEBUG_INFORMATION_FORMAT = dwarf;
				ENABLE_STRICT_OBJC_MSGSEND = YES;
				ENABLE_TESTABILITY = YES;
				GCC_C_LANGUAGE_STANDARD = gnu11;
				GCC_DYNAMIC_NO_PIC = NO;
				GCC_NO_COMMON_BLOCKS = YES;
				GCC_OPTIMIZATION_LEVEL = 0;
				GCC_PREPROCESSOR_DEFINITIONS = (
					"DEBUG=1",
					"$(inherited)",
				);
				GCC_WARN_64_TO_32_BIT_CONVERSION = YES;
				GCC_WARN_ABOUT_RETURN_TYPE = YES_ERROR;
				GCC_WARN_UNDECLARED_SELECTOR = YES;
				GCC_WARN_UNINITIALIZED_AUTOS = YES_AGGRESSIVE;
				GCC_WARN_UNUSED_FUNCTION = YES;
				GCC_WARN_UNUSED_VARIABLE = YES;
				IPHONEOS_DEPLOYMENT_TARGET = 16.4;
				MTL_ENABLE_DEBUG_INFO = INCLUDE_SOURCE;
				MTL_FAST_MATH = YES;
				ONLY_ACTIVE_ARCH = YES;
				SDKROOT = iphoneos;
				SWIFT_ACTIVE_COMPILATION_CONDITIONS = DEBUG;
				SWIFT_OPTIMIZATION_LEVEL = "-Onone";
			};
			name = Debug;
		};
		032A61772A121C9E00BEF1CB /* Release */ = {
			isa = XCBuildConfiguration;
			buildSettings = {
				ALWAYS_SEARCH_USER_PATHS = NO;
				CLANG_ANALYZER_NONNULL = YES;
				CLANG_ANALYZER_NUMBER_OBJECT_CONVERSION = YES_AGGRESSIVE;
				CLANG_CXX_LANGUAGE_STANDARD = "gnu++20";
				CLANG_ENABLE_MODULES = YES;
				CLANG_ENABLE_OBJC_ARC = YES;
				CLANG_ENABLE_OBJC_WEAK = YES;
				CLANG_WARN_BLOCK_CAPTURE_AUTORELEASING = YES;
				CLANG_WARN_BOOL_CONVERSION = YES;
				CLANG_WARN_COMMA = YES;
				CLANG_WARN_CONSTANT_CONVERSION = YES;
				CLANG_WARN_DEPRECATED_OBJC_IMPLEMENTATIONS = YES;
				CLANG_WARN_DIRECT_OBJC_ISA_USAGE = YES_ERROR;
				CLANG_WARN_DOCUMENTATION_COMMENTS = YES;
				CLANG_WARN_EMPTY_BODY = YES;
				CLANG_WARN_ENUM_CONVERSION = YES;
				CLANG_WARN_INFINITE_RECURSION = YES;
				CLANG_WARN_INT_CONVERSION = YES;
				CLANG_WARN_NON_LITERAL_NULL_CONVERSION = YES;
				CLANG_WARN_OBJC_IMPLICIT_RETAIN_SELF = YES;
				CLANG_WARN_OBJC_LITERAL_CONVERSION = YES;
				CLANG_WARN_OBJC_ROOT_CLASS = YES_ERROR;
				CLANG_WARN_QUOTED_INCLUDE_IN_FRAMEWORK_HEADER = YES;
				CLANG_WARN_RANGE_LOOP_ANALYSIS = YES;
				CLANG_WARN_STRICT_PROTOTYPES = YES;
				CLANG_WARN_SUSPICIOUS_MOVE = YES;
				CLANG_WARN_UNGUARDED_AVAILABILITY = YES_AGGRESSIVE;
				CLANG_WARN_UNREACHABLE_CODE = YES;
				CLANG_WARN__DUPLICATE_METHOD_MATCH = YES;
				COPY_PHASE_STRIP = NO;
				DEBUG_INFORMATION_FORMAT = "dwarf-with-dsym";
				ENABLE_NS_ASSERTIONS = NO;
				ENABLE_STRICT_OBJC_MSGSEND = YES;
				GCC_C_LANGUAGE_STANDARD = gnu11;
				GCC_NO_COMMON_BLOCKS = YES;
				GCC_WARN_64_TO_32_BIT_CONVERSION = YES;
				GCC_WARN_ABOUT_RETURN_TYPE = YES_ERROR;
				GCC_WARN_UNDECLARED_SELECTOR = YES;
				GCC_WARN_UNINITIALIZED_AUTOS = YES_AGGRESSIVE;
				GCC_WARN_UNUSED_FUNCTION = YES;
				GCC_WARN_UNUSED_VARIABLE = YES;
				IPHONEOS_DEPLOYMENT_TARGET = 16.4;
				MTL_ENABLE_DEBUG_INFO = NO;
				MTL_FAST_MATH = YES;
				SDKROOT = iphoneos;
				SWIFT_COMPILATION_MODE = wholemodule;
				SWIFT_OPTIMIZATION_LEVEL = "-O";
				VALIDATE_PRODUCT = YES;
			};
			name = Release;
		};
		032A61792A121C9E00BEF1CB /* Debug */ = {
			isa = XCBuildConfiguration;
			buildSettings = {
				ASSETCATALOG_COMPILER_APPICON_NAME = AppIcon;
				ASSETCATALOG_COMPILER_GLOBAL_ACCENT_COLOR_NAME = AccentColor;
				CODE_SIGN_STYLE = Automatic;
				CURRENT_PROJECT_VERSION = 1;
				DEVELOPMENT_TEAM = ZCB7WRZD3L;
				GENERATE_INFOPLIST_FILE = YES;
				INFOPLIST_FILE = MVVMSimple/Info.plist;
				INFOPLIST_KEY_UIApplicationSupportsIndirectInputEvents = YES;
				INFOPLIST_KEY_UILaunchStoryboardName = LaunchScreen;
				INFOPLIST_KEY_UIMainStoryboardFile = Main;
				INFOPLIST_KEY_UISupportedInterfaceOrientations_iPad = "UIInterfaceOrientationPortrait UIInterfaceOrientationPortraitUpsideDown UIInterfaceOrientationLandscapeLeft UIInterfaceOrientationLandscapeRight";
				INFOPLIST_KEY_UISupportedInterfaceOrientations_iPhone = "UIInterfaceOrientationPortrait UIInterfaceOrientationLandscapeLeft UIInterfaceOrientationLandscapeRight";
				LD_RUNPATH_SEARCH_PATHS = (
					"$(inherited)",
					"@executable_path/Frameworks",
				);
				MARKETING_VERSION = 1.0;
				PRODUCT_BUNDLE_IDENTIFIER = ru.gnatenkovi.MVVMSimple;
				PRODUCT_NAME = "$(TARGET_NAME)";
				SUPPORTED_PLATFORMS = "iphoneos iphonesimulator";
				SUPPORTS_MACCATALYST = NO;
				SUPPORTS_MAC_DESIGNED_FOR_IPHONE_IPAD = NO;
				SWIFT_EMIT_LOC_STRINGS = YES;
				SWIFT_VERSION = 5.0;
				TARGETED_DEVICE_FAMILY = 1;
			};
			name = Debug;
		};
		032A617A2A121C9E00BEF1CB /* Release */ = {
			isa = XCBuildConfiguration;
			buildSettings = {
				ASSETCATALOG_COMPILER_APPICON_NAME = AppIcon;
				ASSETCATALOG_COMPILER_GLOBAL_ACCENT_COLOR_NAME = AccentColor;
				CODE_SIGN_STYLE = Automatic;
				CURRENT_PROJECT_VERSION = 1;
				DEVELOPMENT_TEAM = ZCB7WRZD3L;
				GENERATE_INFOPLIST_FILE = YES;
				INFOPLIST_FILE = MVVMSimple/Info.plist;
				INFOPLIST_KEY_UIApplicationSupportsIndirectInputEvents = YES;
				INFOPLIST_KEY_UILaunchStoryboardName = LaunchScreen;
				INFOPLIST_KEY_UIMainStoryboardFile = Main;
				INFOPLIST_KEY_UISupportedInterfaceOrientations_iPad = "UIInterfaceOrientationPortrait UIInterfaceOrientationPortraitUpsideDown UIInterfaceOrientationLandscapeLeft UIInterfaceOrientationLandscapeRight";
				INFOPLIST_KEY_UISupportedInterfaceOrientations_iPhone = "UIInterfaceOrientationPortrait UIInterfaceOrientationLandscapeLeft UIInterfaceOrientationLandscapeRight";
				LD_RUNPATH_SEARCH_PATHS = (
					"$(inherited)",
					"@executable_path/Frameworks",
				);
				MARKETING_VERSION = 1.0;
				PRODUCT_BUNDLE_IDENTIFIER = ru.gnatenkovi.MVVMSimple;
				PRODUCT_NAME = "$(TARGET_NAME)";
				SUPPORTED_PLATFORMS = "iphoneos iphonesimulator";
				SUPPORTS_MACCATALYST = NO;
				SUPPORTS_MAC_DESIGNED_FOR_IPHONE_IPAD = NO;
				SWIFT_EMIT_LOC_STRINGS = YES;
				SWIFT_VERSION = 5.0;
				TARGETED_DEVICE_FAMILY = 1;
			};
			name = Release;
		};
/* End XCBuildConfiguration section */

/* Begin XCConfigurationList section */
		032A615F2A121C9A00BEF1CB /* Build configuration list for PBXProject "MVVMSimple" */ = {
			isa = XCConfigurationList;
			buildConfigurations = (
				032A61762A121C9E00BEF1CB /* Debug */,
				032A61772A121C9E00BEF1CB /* Release */,
			);
			defaultConfigurationIsVisible = 0;
			defaultConfigurationName = Release;
		};
		032A61782A121C9E00BEF1CB /* Build configuration list for PBXNativeTarget "MVVMSimple" */ = {
			isa = XCConfigurationList;
			buildConfigurations = (
				032A61792A121C9E00BEF1CB /* Debug */,
				032A617A2A121C9E00BEF1CB /* Release */,
			);
			defaultConfigurationIsVisible = 0;
			defaultConfigurationName = Release;
		};
/* End XCConfigurationList section */
	};
	rootObject = 032A615C2A121C9A00BEF1CB /* Project object */;
}
